
Microsoft Visual Studio Solution File, Format Version 12.00
# Visual Studio Version 16
VisualStudioVersion = 16.0.28803.202
MinimumVisualStudioVersion = 10.0.40219.1
Project("{FAE04EC0-301F-11D3-BF4B-00C04F79EFBC}") = "APSLR1", "APSLR1\APSLR1.csproj", "{F6621A8D-5BD9-48C7-970F-ED8E3C91CB7A}"
EndProject
Global
	GlobalSection(SolutionConfigurationPlatforms) = preSolution
		Debug|Any CPU = Debug|Any CPU
		Release|Any CPU = Release|Any CPU
	EndGlobalSection
	GlobalSection(ProjectConfigurationPlatforms) = postSolution
		{F6621A8D-5BD9-48C7-970F-ED8E3C91CB7A}.Debug|Any CPU.ActiveCfg = Debug|Any CPU
		{F6621A8D-5BD9-48C7-970F-ED8E3C91CB7A}.Debug|Any CPU.Build.0 = Debug|Any CPU
		{F6621A8D-5BD9-48C7-970F-ED8E3C91CB7A}.Release|Any CPU.ActiveCfg = Release|Any CPU
		{F6621A8D-5BD9-48C7-970F-ED8E3C91CB7A}.Release|Any CPU.Build.0 = Release|Any CPU
	EndGlobalSection
	GlobalSection(SolutionProperties) = preSolution
		HideSolutionNode = FALSE
	EndGlobalSection
	GlobalSection(ExtensibilityGlobals) = postSolution
		SolutionGuid = {184C6EEA-E8BC-413A-B1BB-9DEA8F484CE7}
	EndGlobalSection
EndGlobal
